// !$*UTF8*$!
{
	archiveVersion = 1;
	classes = {
	};
	objectVersion = 48;
	objects = {

/* Begin PBXBuildFile section */
		CD01FCC4212697F40069BDFF /* LGApiManager.swift in Sources */ = {isa = PBXBuildFile; fileRef = CD01FCC3212697F40069BDFF /* LGApiManager.swift */; };
		CD01FCC621269D060069BDFF /* UIButtonExtension.swift in Sources */ = {isa = PBXBuildFile; fileRef = CD01FCC521269D060069BDFF /* UIButtonExtension.swift */; };
		CD01FCCA21269F320069BDFF /* LGInfoCategoryView.swift in Sources */ = {isa = PBXBuildFile; fileRef = CD01FCC921269F320069BDFF /* LGInfoCategoryView.swift */; };
		CD01FCCE2126A7A80069BDFF /* ConstraintArrayDSL.swift in Sources */ = {isa = PBXBuildFile; fileRef = CD01FCCD2126A7A80069BDFF /* ConstraintArrayDSL.swift */; };
		CD01FCD02126A7D20069BDFF /* ConstraintArray+Extensions.swift in Sources */ = {isa = PBXBuildFile; fileRef = CD01FCCF2126A7D20069BDFF /* ConstraintArray+Extensions.swift */; };
		CD01FCD22126B7D50069BDFF /* LGInfoListViewController.swift in Sources */ = {isa = PBXBuildFile; fileRef = CD01FCD12126B7D50069BDFF /* LGInfoListViewController.swift */; };
		CD01FCD42126B82D0069BDFF /* LGAtlasViewController.swift in Sources */ = {isa = PBXBuildFile; fileRef = CD01FCD32126B82D0069BDFF /* LGAtlasViewController.swift */; };
		CD0DDE62291683AA19BD1D60 /* Pods_Ligu_Swift.framework in Frameworks */ = {isa = PBXBuildFile; fileRef = BF0777BE7A7DB36C6292B81F /* Pods_Ligu_Swift.framework */; };
		CDB734D721182E6200C16E41 /* LGAPI.swift in Sources */ = {isa = PBXBuildFile; fileRef = CDB734D621182E6200C16E41 /* LGAPI.swift */; };
		CDB734D92118477600C16E41 /* UIDeviceExtension.swift in Sources */ = {isa = PBXBuildFile; fileRef = CDB734D82118477600C16E41 /* UIDeviceExtension.swift */; };
		CDBCE5A4211986EC0083CFE4 /* DictionaryExtension.swift in Sources */ = {isa = PBXBuildFile; fileRef = CDBCE5A3211986EC0083CFE4 /* DictionaryExtension.swift */; };
		CDBCE5A62119897B0083CFE4 /* ArrayExtension.swift in Sources */ = {isa = PBXBuildFile; fileRef = CDBCE5A52119897B0083CFE4 /* ArrayExtension.swift */; };
		CDBCE5A8211AC13B0083CFE4 /* StringExtension.swift in Sources */ = {isa = PBXBuildFile; fileRef = CDBCE5A7211AC13B0083CFE4 /* StringExtension.swift */; };
		CDBCE5AC211AD4430083CFE4 /* LGModel.swift in Sources */ = {isa = PBXBuildFile; fileRef = CDBCE5AB211AD4430083CFE4 /* LGModel.swift */; };
		CDCD880E2112DD6600477F3E /* AppDelegate.swift in Sources */ = {isa = PBXBuildFile; fileRef = CDCD880D2112DD6600477F3E /* AppDelegate.swift */; };
		CDCD88152112DD6800477F3E /* Assets.xcassets in Resources */ = {isa = PBXBuildFile; fileRef = CDCD88142112DD6800477F3E /* Assets.xcassets */; };
		CDCD88182112DD6800477F3E /* LaunchScreen.storyboard in Resources */ = {isa = PBXBuildFile; fileRef = CDCD88162112DD6800477F3E /* LaunchScreen.storyboard */; };
		CDCD88232112DD6800477F3E /* Ligu_SwiftTests.swift in Sources */ = {isa = PBXBuildFile; fileRef = CDCD88222112DD6800477F3E /* Ligu_SwiftTests.swift */; };
		CDCD882E2112DD6800477F3E /* Ligu_SwiftUITests.swift in Sources */ = {isa = PBXBuildFile; fileRef = CDCD882D2112DD6800477F3E /* Ligu_SwiftUITests.swift */; };
		CDCD88402112DEEA00477F3E /* LGTabbarController.swift in Sources */ = {isa = PBXBuildFile; fileRef = CDCD883F2112DEEA00477F3E /* LGTabbarController.swift */; };
		CDCD88432112EA3700477F3E /* UIColorExtension.swift in Sources */ = {isa = PBXBuildFile; fileRef = CDCD88422112EA3700477F3E /* UIColorExtension.swift */; };
		CDCD884B2112F4D900477F3E /* LGBaseViewController.swift in Sources */ = {isa = PBXBuildFile; fileRef = CDCD884A2112F4D900477F3E /* LGBaseViewController.swift */; };
		CDCD884D2113030D00477F3E /* LGNavigationController.swift in Sources */ = {isa = PBXBuildFile; fileRef = CDCD884C2113030D00477F3E /* LGNavigationController.swift */; };
		CDCD884F211309A700477F3E /* UIImageExtensions.swift in Sources */ = {isa = PBXBuildFile; fileRef = CDCD884E211309A700477F3E /* UIImageExtensions.swift */; };
		CDCD88532113E81100477F3E /* Global.swift in Sources */ = {isa = PBXBuildFile; fileRef = CDCD88522113E81100477F3E /* Global.swift */; };
		CDCD885F2113EEDB00477F3E /* LGVenueViewController.swift in Sources */ = {isa = PBXBuildFile; fileRef = CDCD885E2113EEDB00477F3E /* LGVenueViewController.swift */; };
		CDCD88612113EF0F00477F3E /* LGDiscoverViewController.swift in Sources */ = {isa = PBXBuildFile; fileRef = CDCD88602113EF0F00477F3E /* LGDiscoverViewController.swift */; };
		CDCD88632113EF2100477F3E /* LGMatchViewController.swift in Sources */ = {isa = PBXBuildFile; fileRef = CDCD88622113EF2100477F3E /* LGMatchViewController.swift */; };
		CDCD88652113EF3500477F3E /* LGSocialViewController.swift in Sources */ = {isa = PBXBuildFile; fileRef = CDCD88642113EF3500477F3E /* LGSocialViewController.swift */; };
		CDCD88672113EF4400477F3E /* LGMineViewController.swift in Sources */ = {isa = PBXBuildFile; fileRef = CDCD88662113EF4400477F3E /* LGMineViewController.swift */; };
		CDCE63EB212AA1B700BAAEB0 /* LGBaseTableViewCell.swift in Sources */ = {isa = PBXBuildFile; fileRef = CDCE63EA212AA1B700BAAEB0 /* LGBaseTableViewCell.swift */; };
		CDCE63ED212BAA2D00BAAEB0 /* LGBaseNibTableViewCell.swift in Sources */ = {isa = PBXBuildFile; fileRef = CDCE63EC212BAA2D00BAAEB0 /* LGBaseNibTableViewCell.swift */; };
		CDCE63F0212BB21A00BAAEB0 /* LGAtlasListCell.swift in Sources */ = {isa = PBXBuildFile; fileRef = CDCE63EE212BB21A00BAAEB0 /* LGAtlasListCell.swift */; };
		CDCE63F1212BB21A00BAAEB0 /* LGAtlasListCell.xib in Resources */ = {isa = PBXBuildFile; fileRef = CDCE63EF212BB21A00BAAEB0 /* LGAtlasListCell.xib */; };
		CDCE63F3212BF5EA00BAAEB0 /* UIViewExtension.swift in Sources */ = {isa = PBXBuildFile; fileRef = CDCE63F2212BF5EA00BAAEB0 /* UIViewExtension.swift */; };
		CDCE63F5212D47AE00BAAEB0 /* DateClass.swift in Sources */ = {isa = PBXBuildFile; fileRef = CDCE63F4212D47AE00BAAEB0 /* DateClass.swift */; };
		CDCE63F9212D519A00BAAEB0 /* LGRefresh.swift in Sources */ = {isa = PBXBuildFile; fileRef = CDCE63F8212D519A00BAAEB0 /* LGRefresh.swift */; };
		CDCE63FC212D52AF00BAAEB0 /* LGEmptyDataSet.swift in Sources */ = {isa = PBXBuildFile; fileRef = CDCE63FB212D52AF00BAAEB0 /* LGEmptyDataSet.swift */; };
/* End PBXBuildFile section */

/* Begin PBXContainerItemProxy section */
		CDCD881F2112DD6800477F3E /* PBXContainerItemProxy */ = {
			isa = PBXContainerItemProxy;
			containerPortal = CDCD88022112DD6600477F3E /* Project object */;
			proxyType = 1;
			remoteGlobalIDString = CDCD88092112DD6600477F3E;
			remoteInfo = Ligu_Swift;
		};
		CDCD882A2112DD6800477F3E /* PBXContainerItemProxy */ = {
			isa = PBXContainerItemProxy;
			containerPortal = CDCD88022112DD6600477F3E /* Project object */;
			proxyType = 1;
			remoteGlobalIDString = CDCD88092112DD6600477F3E;
			remoteInfo = Ligu_Swift;
		};
/* End PBXContainerItemProxy section */

/* Begin PBXFileReference section */
		81D40FB249CDAC28806921E2 /* Pods-Ligu_Swift.debug.xcconfig */ = {isa = PBXFileReference; includeInIndex = 1; lastKnownFileType = text.xcconfig; name = "Pods-Ligu_Swift.debug.xcconfig"; path = "Pods/Target Support Files/Pods-Ligu_Swift/Pods-Ligu_Swift.debug.xcconfig"; sourceTree = "<group>"; };
		B193C2DD10D8F0FD3F06F3A3 /* Pods-Ligu_Swift.release.xcconfig */ = {isa = PBXFileReference; includeInIndex = 1; lastKnownFileType = text.xcconfig; name = "Pods-Ligu_Swift.release.xcconfig"; path = "Pods/Target Support Files/Pods-Ligu_Swift/Pods-Ligu_Swift.release.xcconfig"; sourceTree = "<group>"; };
		BF0777BE7A7DB36C6292B81F /* Pods_Ligu_Swift.framework */ = {isa = PBXFileReference; explicitFileType = wrapper.framework; includeInIndex = 0; path = Pods_Ligu_Swift.framework; sourceTree = BUILT_PRODUCTS_DIR; };
		CD01FCC3212697F40069BDFF /* LGApiManager.swift */ = {isa = PBXFileReference; lastKnownFileType = sourcecode.swift; path = LGApiManager.swift; sourceTree = "<group>"; };
		CD01FCC521269D060069BDFF /* UIButtonExtension.swift */ = {isa = PBXFileReference; lastKnownFileType = sourcecode.swift; path = UIButtonExtension.swift; sourceTree = "<group>"; };
		CD01FCC921269F320069BDFF /* LGInfoCategoryView.swift */ = {isa = PBXFileReference; lastKnownFileType = sourcecode.swift; path = LGInfoCategoryView.swift; sourceTree = "<group>"; };
		CD01FCCD2126A7A80069BDFF /* ConstraintArrayDSL.swift */ = {isa = PBXFileReference; lastKnownFileType = sourcecode.swift; path = ConstraintArrayDSL.swift; sourceTree = "<group>"; };
		CD01FCCF2126A7D20069BDFF /* ConstraintArray+Extensions.swift */ = {isa = PBXFileReference; lastKnownFileType = sourcecode.swift; path = "ConstraintArray+Extensions.swift"; sourceTree = "<group>"; };
		CD01FCD12126B7D50069BDFF /* LGInfoListViewController.swift */ = {isa = PBXFileReference; lastKnownFileType = sourcecode.swift; path = LGInfoListViewController.swift; sourceTree = "<group>"; };
		CD01FCD32126B82D0069BDFF /* LGAtlasViewController.swift */ = {isa = PBXFileReference; lastKnownFileType = sourcecode.swift; path = LGAtlasViewController.swift; sourceTree = "<group>"; };
		CDB734D621182E6200C16E41 /* LGAPI.swift */ = {isa = PBXFileReference; lastKnownFileType = sourcecode.swift; path = LGAPI.swift; sourceTree = "<group>"; };
		CDB734D82118477600C16E41 /* UIDeviceExtension.swift */ = {isa = PBXFileReference; fileEncoding = 4; lastKnownFileType = sourcecode.swift; path = UIDeviceExtension.swift; sourceTree = "<group>"; };
		CDBCE5A3211986EC0083CFE4 /* DictionaryExtension.swift */ = {isa = PBXFileReference; lastKnownFileType = sourcecode.swift; path = DictionaryExtension.swift; sourceTree = "<group>"; };
		CDBCE5A52119897B0083CFE4 /* ArrayExtension.swift */ = {isa = PBXFileReference; lastKnownFileType = sourcecode.swift; path = ArrayExtension.swift; sourceTree = "<group>"; };
		CDBCE5A7211AC13B0083CFE4 /* StringExtension.swift */ = {isa = PBXFileReference; lastKnownFileType = sourcecode.swift; path = StringExtension.swift; sourceTree = "<group>"; };
		CDBCE5A9211AC3740083CFE4 /* Bridging.h */ = {isa = PBXFileReference; lastKnownFileType = sourcecode.c.h; path = Bridging.h; sourceTree = "<group>"; };
		CDBCE5AB211AD4430083CFE4 /* LGModel.swift */ = {isa = PBXFileReference; lastKnownFileType = sourcecode.swift; path = LGModel.swift; sourceTree = "<group>"; };
		CDCD880A2112DD6600477F3E /* Ligu_Swift.app */ = {isa = PBXFileReference; explicitFileType = wrapper.application; includeInIndex = 0; path = Ligu_Swift.app; sourceTree = BUILT_PRODUCTS_DIR; };
		CDCD880D2112DD6600477F3E /* AppDelegate.swift */ = {isa = PBXFileReference; lastKnownFileType = sourcecode.swift; path = AppDelegate.swift; sourceTree = "<group>"; };
		CDCD88142112DD6800477F3E /* Assets.xcassets */ = {isa = PBXFileReference; lastKnownFileType = folder.assetcatalog; path = Assets.xcassets; sourceTree = "<group>"; };
		CDCD88172112DD6800477F3E /* Base */ = {isa = PBXFileReference; lastKnownFileType = file.storyboard; name = Base; path = Base.lproj/LaunchScreen.storyboard; sourceTree = "<group>"; };
		CDCD88192112DD6800477F3E /* Info.plist */ = {isa = PBXFileReference; lastKnownFileType = text.plist.xml; path = Info.plist; sourceTree = "<group>"; };
		CDCD881E2112DD6800477F3E /* Ligu_SwiftTests.xctest */ = {isa = PBXFileReference; explicitFileType = wrapper.cfbundle; includeInIndex = 0; path = Ligu_SwiftTests.xctest; sourceTree = BUILT_PRODUCTS_DIR; };
		CDCD88222112DD6800477F3E /* Ligu_SwiftTests.swift */ = {isa = PBXFileReference; lastKnownFileType = sourcecode.swift; path = Ligu_SwiftTests.swift; sourceTree = "<group>"; };
		CDCD88242112DD6800477F3E /* Info.plist */ = {isa = PBXFileReference; lastKnownFileType = text.plist.xml; path = Info.plist; sourceTree = "<group>"; };
		CDCD88292112DD6800477F3E /* Ligu_SwiftUITests.xctest */ = {isa = PBXFileReference; explicitFileType = wrapper.cfbundle; includeInIndex = 0; path = Ligu_SwiftUITests.xctest; sourceTree = BUILT_PRODUCTS_DIR; };
		CDCD882D2112DD6800477F3E /* Ligu_SwiftUITests.swift */ = {isa = PBXFileReference; lastKnownFileType = sourcecode.swift; path = Ligu_SwiftUITests.swift; sourceTree = "<group>"; };
		CDCD882F2112DD6800477F3E /* Info.plist */ = {isa = PBXFileReference; lastKnownFileType = text.plist.xml; path = Info.plist; sourceTree = "<group>"; };
		CDCD883F2112DEEA00477F3E /* LGTabbarController.swift */ = {isa = PBXFileReference; lastKnownFileType = sourcecode.swift; path = LGTabbarController.swift; sourceTree = "<group>"; };
		CDCD88422112EA3700477F3E /* UIColorExtension.swift */ = {isa = PBXFileReference; lastKnownFileType = sourcecode.swift; path = UIColorExtension.swift; sourceTree = "<group>"; };
		CDCD884A2112F4D900477F3E /* LGBaseViewController.swift */ = {isa = PBXFileReference; lastKnownFileType = sourcecode.swift; path = LGBaseViewController.swift; sourceTree = "<group>"; };
		CDCD884C2113030D00477F3E /* LGNavigationController.swift */ = {isa = PBXFileReference; lastKnownFileType = sourcecode.swift; path = LGNavigationController.swift; sourceTree = "<group>"; };
		CDCD884E211309A700477F3E /* UIImageExtensions.swift */ = {isa = PBXFileReference; lastKnownFileType = sourcecode.swift; path = UIImageExtensions.swift; sourceTree = "<group>"; };
		CDCD88522113E81100477F3E /* Global.swift */ = {isa = PBXFileReference; lastKnownFileType = sourcecode.swift; path = Global.swift; sourceTree = "<group>"; };
		CDCD885E2113EEDB00477F3E /* LGVenueViewController.swift */ = {isa = PBXFileReference; lastKnownFileType = sourcecode.swift; path = LGVenueViewController.swift; sourceTree = "<group>"; };
		CDCD88602113EF0F00477F3E /* LGDiscoverViewController.swift */ = {isa = PBXFileReference; lastKnownFileType = sourcecode.swift; path = LGDiscoverViewController.swift; sourceTree = "<group>"; };
		CDCD88622113EF2100477F3E /* LGMatchViewController.swift */ = {isa = PBXFileReference; lastKnownFileType = sourcecode.swift; path = LGMatchViewController.swift; sourceTree = "<group>"; };
		CDCD88642113EF3500477F3E /* LGSocialViewController.swift */ = {isa = PBXFileReference; lastKnownFileType = sourcecode.swift; path = LGSocialViewController.swift; sourceTree = "<group>"; };
		CDCD88662113EF4400477F3E /* LGMineViewController.swift */ = {isa = PBXFileReference; lastKnownFileType = sourcecode.swift; path = LGMineViewController.swift; sourceTree = "<group>"; };
		CDCE63EA212AA1B700BAAEB0 /* LGBaseTableViewCell.swift */ = {isa = PBXFileReference; lastKnownFileType = sourcecode.swift; path = LGBaseTableViewCell.swift; sourceTree = "<group>"; };
		CDCE63EC212BAA2D00BAAEB0 /* LGBaseNibTableViewCell.swift */ = {isa = PBXFileReference; lastKnownFileType = sourcecode.swift; path = LGBaseNibTableViewCell.swift; sourceTree = "<group>"; };
		CDCE63EE212BB21A00BAAEB0 /* LGAtlasListCell.swift */ = {isa = PBXFileReference; lastKnownFileType = sourcecode.swift; path = LGAtlasListCell.swift; sourceTree = "<group>"; };
		CDCE63EF212BB21A00BAAEB0 /* LGAtlasListCell.xib */ = {isa = PBXFileReference; lastKnownFileType = file.xib; path = LGAtlasListCell.xib; sourceTree = "<group>"; };
		CDCE63F2212BF5EA00BAAEB0 /* UIViewExtension.swift */ = {isa = PBXFileReference; lastKnownFileType = sourcecode.swift; path = UIViewExtension.swift; sourceTree = "<group>"; };
		CDCE63F4212D47AE00BAAEB0 /* DateClass.swift */ = {isa = PBXFileReference; lastKnownFileType = sourcecode.swift; path = DateClass.swift; sourceTree = "<group>"; };
		CDCE63F8212D519A00BAAEB0 /* LGRefresh.swift */ = {isa = PBXFileReference; lastKnownFileType = sourcecode.swift; path = LGRefresh.swift; sourceTree = "<group>"; };
		CDCE63FB212D52AF00BAAEB0 /* LGEmptyDataSet.swift */ = {isa = PBXFileReference; lastKnownFileType = sourcecode.swift; path = LGEmptyDataSet.swift; sourceTree = "<group>"; };
/* End PBXFileReference section */

/* Begin PBXFrameworksBuildPhase section */
		CDCD88072112DD6600477F3E /* Frameworks */ = {
			isa = PBXFrameworksBuildPhase;
			buildActionMask = 2147483647;
			files = (
				CD0DDE62291683AA19BD1D60 /* Pods_Ligu_Swift.framework in Frameworks */,
			);
			runOnlyForDeploymentPostprocessing = 0;
		};
		CDCD881B2112DD6800477F3E /* Frameworks */ = {
			isa = PBXFrameworksBuildPhase;
			buildActionMask = 2147483647;
			files = (
			);
			runOnlyForDeploymentPostprocessing = 0;
		};
		CDCD88262112DD6800477F3E /* Frameworks */ = {
			isa = PBXFrameworksBuildPhase;
			buildActionMask = 2147483647;
			files = (
			);
			runOnlyForDeploymentPostprocessing = 0;
		};
/* End PBXFrameworksBuildPhase section */

/* Begin PBXGroup section */
		CD01FCCB2126A7280069BDFF /* Component */ = {
			isa = PBXGroup;
			children = (
				CDCE63FD212D52B800BAAEB0 /* EmptyDataSet */,
				CDCE63FA212D519D00BAAEB0 /* Refresh */,
				CD01FCCC2126A75B0069BDFF /* SnpKitExtension */,
			);
			path = Component;
			sourceTree = "<group>";
		};
		CD01FCCC2126A75B0069BDFF /* SnpKitExtension */ = {
			isa = PBXGroup;
			children = (
				CD01FCCD2126A7A80069BDFF /* ConstraintArrayDSL.swift */,
				CD01FCCF2126A7D20069BDFF /* ConstraintArray+Extensions.swift */,
			);
			path = SnpKitExtension;
			sourceTree = "<group>";
		};
		CDB734D521182E3A00C16E41 /* API */ = {
			isa = PBXGroup;
			children = (
				CDB734D621182E6200C16E41 /* LGAPI.swift */,
				CD01FCC3212697F40069BDFF /* LGApiManager.swift */,
			);
			path = API;
			sourceTree = "<group>";
		};
		CDBCE5AA211AD41E0083CFE4 /* Model */ = {
			isa = PBXGroup;
			children = (
				CDBCE5AB211AD4430083CFE4 /* LGModel.swift */,
			);
			path = Model;
			sourceTree = "<group>";
		};
		CDCD88012112DD6600477F3E = {
			isa = PBXGroup;
			children = (
				CDCD880C2112DD6600477F3E /* Ligu_Swift */,
				CDCD88212112DD6800477F3E /* Ligu_SwiftTests */,
				CDCD882C2112DD6800477F3E /* Ligu_SwiftUITests */,
				CDCD880B2112DD6600477F3E /* Products */,
				FF19FFEEFE2CE70BD7F440A9 /* Pods */,
				D0B5463D9B528F5103CFE60F /* Frameworks */,
			);
			sourceTree = "<group>";
		};
		CDCD880B2112DD6600477F3E /* Products */ = {
			isa = PBXGroup;
			children = (
				CDCD880A2112DD6600477F3E /* Ligu_Swift.app */,
				CDCD881E2112DD6800477F3E /* Ligu_SwiftTests.xctest */,
				CDCD88292112DD6800477F3E /* Ligu_SwiftUITests.xctest */,
			);
			name = Products;
			sourceTree = "<group>";
		};
		CDCD880C2112DD6600477F3E /* Ligu_Swift */ = {
			isa = PBXGroup;
			children = (
				CDB734D521182E3A00C16E41 /* API */,
				CDBCE5AA211AD41E0083CFE4 /* Model */,
				CD01FCCB2126A7280069BDFF /* Component */,
				CDCD88412112EA2100477F3E /* Extension */,
				CDCD883B2112DE0800477F3E /* Module */,
				CDCD88142112DD6800477F3E /* Assets.xcassets */,
				CDCD88162112DD6800477F3E /* LaunchScreen.storyboard */,
				CDCD88192112DD6800477F3E /* Info.plist */,
				CDBCE5A9211AC3740083CFE4 /* Bridging.h */,
			);
			path = Ligu_Swift;
			sourceTree = "<group>";
		};
		CDCD88212112DD6800477F3E /* Ligu_SwiftTests */ = {
			isa = PBXGroup;
			children = (
				CDCD88222112DD6800477F3E /* Ligu_SwiftTests.swift */,
				CDCD88242112DD6800477F3E /* Info.plist */,
			);
			path = Ligu_SwiftTests;
			sourceTree = "<group>";
		};
		CDCD882C2112DD6800477F3E /* Ligu_SwiftUITests */ = {
			isa = PBXGroup;
			children = (
				CDCD882D2112DD6800477F3E /* Ligu_SwiftUITests.swift */,
				CDCD882F2112DD6800477F3E /* Info.plist */,
			);
			path = Ligu_SwiftUITests;
			sourceTree = "<group>";
		};
		CDCD883B2112DE0800477F3E /* Module */ = {
			isa = PBXGroup;
			children = (
				CDCD880D2112DD6600477F3E /* AppDelegate.swift */,
				CDCD88522113E81100477F3E /* Global.swift */,
				CDCD883C2112DE7900477F3E /* Base */,
				CDCD88442112F3B600477F3E /* Venue */,
				CDCD88452112F3DF00477F3E /* Discover */,
				CDCD88462112F3EC00477F3E /* Match */,
				CDCD88482112F43100477F3E /* Social */,
				CDCD88492112F43700477F3E /* Mine */,
			);
			path = Module;
			sourceTree = "<group>";
		};
		CDCD883C2112DE7900477F3E /* Base */ = {
			isa = PBXGroup;
			children = (
				CDCD883E2112DE8A00477F3E /* ViewController */,
				CDCD883D2112DE8200477F3E /* View */,
			);
			path = Base;
			sourceTree = "<group>";
		};
		CDCD883D2112DE8200477F3E /* View */ = {
			isa = PBXGroup;
			children = (
				CDCE63EA212AA1B700BAAEB0 /* LGBaseTableViewCell.swift */,
				CDCE63EC212BAA2D00BAAEB0 /* LGBaseNibTableViewCell.swift */,
			);
			path = View;
			sourceTree = "<group>";
		};
		CDCD883E2112DE8A00477F3E /* ViewController */ = {
			isa = PBXGroup;
			children = (
				CDCD883F2112DEEA00477F3E /* LGTabbarController.swift */,
				CDCD884A2112F4D900477F3E /* LGBaseViewController.swift */,
				CDCD884C2113030D00477F3E /* LGNavigationController.swift */,
			);
			path = ViewController;
			sourceTree = "<group>";
		};
		CDCD88412112EA2100477F3E /* Extension */ = {
			isa = PBXGroup;
			children = (
				CDCD88422112EA3700477F3E /* UIColorExtension.swift */,
				CDCD884E211309A700477F3E /* UIImageExtensions.swift */,
				CDB734D82118477600C16E41 /* UIDeviceExtension.swift */,
				CDBCE5A3211986EC0083CFE4 /* DictionaryExtension.swift */,
				CDBCE5A52119897B0083CFE4 /* ArrayExtension.swift */,
				CDBCE5A7211AC13B0083CFE4 /* StringExtension.swift */,
				CD01FCC521269D060069BDFF /* UIButtonExtension.swift */,
				CDCE63F2212BF5EA00BAAEB0 /* UIViewExtension.swift */,
				CDCE63F4212D47AE00BAAEB0 /* DateClass.swift */,
			);
			path = Extension;
			sourceTree = "<group>";
		};
		CDCD88442112F3B600477F3E /* Venue */ = {
			isa = PBXGroup;
			children = (
				CDCD88552113EDEF00477F3E /* ViewController */,
				CDCD88542113EDE900477F3E /* View */,
			);
			path = Venue;
			sourceTree = "<group>";
		};
		CDCD88452112F3DF00477F3E /* Discover */ = {
			isa = PBXGroup;
			children = (
				CDCD88572113EE4000477F3E /* ViewController */,
				CDCD88562113EE3500477F3E /* View */,
			);
			path = Discover;
			sourceTree = "<group>";
		};
		CDCD88462112F3EC00477F3E /* Match */ = {
			isa = PBXGroup;
			children = (
				CDCD88592113EE5E00477F3E /* View */,
				CDCD88582113EE5E00477F3E /* ViewController */,
			);
			path = Match;
			sourceTree = "<group>";
		};
		CDCD88482112F43100477F3E /* Social */ = {
			isa = PBXGroup;
			children = (
				CDCD885B2113EE6500477F3E /* View */,
				CDCD885A2113EE6500477F3E /* ViewController */,
			);
			path = Social;
			sourceTree = "<group>";
		};
		CDCD88492112F43700477F3E /* Mine */ = {
			isa = PBXGroup;
			children = (
				CDCD885C2113EE6C00477F3E /* ViewController */,
			);
			path = Mine;
			sourceTree = "<group>";
		};
		CDCD88542113EDE900477F3E /* View */ = {
			isa = PBXGroup;
			children = (
			);
			path = View;
			sourceTree = "<group>";
		};
		CDCD88552113EDEF00477F3E /* ViewController */ = {
			isa = PBXGroup;
			children = (
				CDCD885E2113EEDB00477F3E /* LGVenueViewController.swift */,
			);
			path = ViewController;
			sourceTree = "<group>";
		};
		CDCD88562113EE3500477F3E /* View */ = {
			isa = PBXGroup;
			children = (
				CD01FCC921269F320069BDFF /* LGInfoCategoryView.swift */,
				CDCE63EE212BB21A00BAAEB0 /* LGAtlasListCell.swift */,
				CDCE63EF212BB21A00BAAEB0 /* LGAtlasListCell.xib */,
			);
			path = View;
			sourceTree = "<group>";
		};
		CDCD88572113EE4000477F3E /* ViewController */ = {
			isa = PBXGroup;
			children = (
				CDCD88602113EF0F00477F3E /* LGDiscoverViewController.swift */,
				CD01FCD12126B7D50069BDFF /* LGInfoListViewController.swift */,
				CD01FCD32126B82D0069BDFF /* LGAtlasViewController.swift */,
			);
			path = ViewController;
			sourceTree = "<group>";
		};
		CDCD88582113EE5E00477F3E /* ViewController */ = {
			isa = PBXGroup;
			children = (
				CDCD88622113EF2100477F3E /* LGMatchViewController.swift */,
			);
			path = ViewController;
			sourceTree = "<group>";
		};
		CDCD88592113EE5E00477F3E /* View */ = {
			isa = PBXGroup;
			children = (
			);
			path = View;
			sourceTree = "<group>";
		};
		CDCD885A2113EE6500477F3E /* ViewController */ = {
			isa = PBXGroup;
			children = (
				CDCD88642113EF3500477F3E /* LGSocialViewController.swift */,
			);
			path = ViewController;
			sourceTree = "<group>";
		};
		CDCD885B2113EE6500477F3E /* View */ = {
			isa = PBXGroup;
			children = (
			);
			path = View;
			sourceTree = "<group>";
		};
		CDCD885C2113EE6C00477F3E /* ViewController */ = {
			isa = PBXGroup;
			children = (
				CDCD88662113EF4400477F3E /* LGMineViewController.swift */,
			);
			path = ViewController;
			sourceTree = "<group>";
		};
		CDCE63FA212D519D00BAAEB0 /* Refresh */ = {
			isa = PBXGroup;
			children = (
				CDCE63F8212D519A00BAAEB0 /* LGRefresh.swift */,
			);
			path = Refresh;
			sourceTree = "<group>";
		};
		CDCE63FD212D52B800BAAEB0 /* EmptyDataSet */ = {
			isa = PBXGroup;
			children = (
				CDCE63FB212D52AF00BAAEB0 /* LGEmptyDataSet.swift */,
			);
			path = EmptyDataSet;
			sourceTree = "<group>";
		};
		D0B5463D9B528F5103CFE60F /* Frameworks */ = {
			isa = PBXGroup;
			children = (
				BF0777BE7A7DB36C6292B81F /* Pods_Ligu_Swift.framework */,
			);
			name = Frameworks;
			sourceTree = "<group>";
		};
		FF19FFEEFE2CE70BD7F440A9 /* Pods */ = {
			isa = PBXGroup;
			children = (
				81D40FB249CDAC28806921E2 /* Pods-Ligu_Swift.debug.xcconfig */,
				B193C2DD10D8F0FD3F06F3A3 /* Pods-Ligu_Swift.release.xcconfig */,
			);
			name = Pods;
			sourceTree = "<group>";
		};
/* End PBXGroup section */

/* Begin PBXNativeTarget section */
		CDCD88092112DD6600477F3E /* Ligu_Swift */ = {
			isa = PBXNativeTarget;
			buildConfigurationList = CDCD88322112DD6800477F3E /* Build configuration list for PBXNativeTarget "Ligu_Swift" */;
			buildPhases = (
				D5C3E91D54D775D3ACD2E5F0 /* [CP] Check Pods Manifest.lock */,
				CDCD88062112DD6600477F3E /* Sources */,
				CDCD88072112DD6600477F3E /* Frameworks */,
				CDCD88082112DD6600477F3E /* Resources */,
				EE405C4A329DE99568165263 /* [CP] Embed Pods Frameworks */,
				72BA8BBB5F7E8E1A7EE3968A /* [CP] Copy Pods Resources */,
			);
			buildRules = (
			);
			dependencies = (
			);
			name = Ligu_Swift;
			productName = Ligu_Swift;
			productReference = CDCD880A2112DD6600477F3E /* Ligu_Swift.app */;
			productType = "com.apple.product-type.application";
		};
		CDCD881D2112DD6800477F3E /* Ligu_SwiftTests */ = {
			isa = PBXNativeTarget;
			buildConfigurationList = CDCD88352112DD6800477F3E /* Build configuration list for PBXNativeTarget "Ligu_SwiftTests" */;
			buildPhases = (
				CDCD881A2112DD6800477F3E /* Sources */,
				CDCD881B2112DD6800477F3E /* Frameworks */,
				CDCD881C2112DD6800477F3E /* Resources */,
			);
			buildRules = (
			);
			dependencies = (
				CDCD88202112DD6800477F3E /* PBXTargetDependency */,
			);
			name = Ligu_SwiftTests;
			productName = Ligu_SwiftTests;
			productReference = CDCD881E2112DD6800477F3E /* Ligu_SwiftTests.xctest */;
			productType = "com.apple.product-type.bundle.unit-test";
		};
		CDCD88282112DD6800477F3E /* Ligu_SwiftUITests */ = {
			isa = PBXNativeTarget;
			buildConfigurationList = CDCD88382112DD6800477F3E /* Build configuration list for PBXNativeTarget "Ligu_SwiftUITests" */;
			buildPhases = (
				CDCD88252112DD6800477F3E /* Sources */,
				CDCD88262112DD6800477F3E /* Frameworks */,
				CDCD88272112DD6800477F3E /* Resources */,
			);
			buildRules = (
			);
			dependencies = (
				CDCD882B2112DD6800477F3E /* PBXTargetDependency */,
			);
			name = Ligu_SwiftUITests;
			productName = Ligu_SwiftUITests;
			productReference = CDCD88292112DD6800477F3E /* Ligu_SwiftUITests.xctest */;
			productType = "com.apple.product-type.bundle.ui-testing";
		};
/* End PBXNativeTarget section */

/* Begin PBXProject section */
		CDCD88022112DD6600477F3E /* Project object */ = {
			isa = PBXProject;
			attributes = {
				LastSwiftUpdateCheck = 0940;
				LastUpgradeCheck = 0940;
				ORGANIZATIONNAME = LockLight;
				TargetAttributes = {
					CDCD88092112DD6600477F3E = {
						CreatedOnToolsVersion = 9.4.1;
						ProvisioningStyle = Automatic;
					};
					CDCD881D2112DD6800477F3E = {
						CreatedOnToolsVersion = 9.4.1;
						ProvisioningStyle = Automatic;
						TestTargetID = CDCD88092112DD6600477F3E;
					};
					CDCD88282112DD6800477F3E = {
						CreatedOnToolsVersion = 9.4.1;
						ProvisioningStyle = Automatic;
						TestTargetID = CDCD88092112DD6600477F3E;
					};
				};
			};
			buildConfigurationList = CDCD88052112DD6600477F3E /* Build configuration list for PBXProject "Ligu_Swift" */;
			compatibilityVersion = "Xcode 8.0";
			developmentRegion = en;
			hasScannedForEncodings = 0;
			knownRegions = (
				en,
				Base,
			);
			mainGroup = CDCD88012112DD6600477F3E;
			productRefGroup = CDCD880B2112DD6600477F3E /* Products */;
			projectDirPath = "";
			projectRoot = "";
			targets = (
				CDCD88092112DD6600477F3E /* Ligu_Swift */,
				CDCD881D2112DD6800477F3E /* Ligu_SwiftTests */,
				CDCD88282112DD6800477F3E /* Ligu_SwiftUITests */,
			);
		};
/* End PBXProject section */

/* Begin PBXResourcesBuildPhase section */
		CDCD88082112DD6600477F3E /* Resources */ = {
			isa = PBXResourcesBuildPhase;
			buildActionMask = 2147483647;
			files = (
				CDCE63F1212BB21A00BAAEB0 /* LGAtlasListCell.xib in Resources */,
				CDCD88182112DD6800477F3E /* LaunchScreen.storyboard in Resources */,
				CDCD88152112DD6800477F3E /* Assets.xcassets in Resources */,
			);
			runOnlyForDeploymentPostprocessing = 0;
		};
		CDCD881C2112DD6800477F3E /* Resources */ = {
			isa = PBXResourcesBuildPhase;
			buildActionMask = 2147483647;
			files = (
			);
			runOnlyForDeploymentPostprocessing = 0;
		};
		CDCD88272112DD6800477F3E /* Resources */ = {
			isa = PBXResourcesBuildPhase;
			buildActionMask = 2147483647;
			files = (
			);
			runOnlyForDeploymentPostprocessing = 0;
		};
/* End PBXResourcesBuildPhase section */

/* Begin PBXShellScriptBuildPhase section */
		72BA8BBB5F7E8E1A7EE3968A /* [CP] Copy Pods Resources */ = {
			isa = PBXShellScriptBuildPhase;
			buildActionMask = 2147483647;
			files = (
			);
			inputPaths = (
			);
			name = "[CP] Copy Pods Resources";
			outputPaths = (
			);
			runOnlyForDeploymentPostprocessing = 0;
			shellPath = /bin/sh;
			shellScript = "\"${SRCROOT}/Pods/Target Support Files/Pods-Ligu_Swift/Pods-Ligu_Swift-resources.sh\"\n";
			showEnvVarsInLog = 0;
		};
		D5C3E91D54D775D3ACD2E5F0 /* [CP] Check Pods Manifest.lock */ = {
			isa = PBXShellScriptBuildPhase;
			buildActionMask = 2147483647;
			files = (
			);
			inputPaths = (
			);
			name = "[CP] Check Pods Manifest.lock";
			outputPaths = (
			);
			runOnlyForDeploymentPostprocessing = 0;
			shellPath = /bin/sh;
			shellScript = "diff \"${PODS_PODFILE_DIR_PATH}/Podfile.lock\" \"${PODS_ROOT}/Manifest.lock\" > /dev/null\nif [ $? != 0 ] ; then\n    # print error to STDERR\n    echo \"error: The sandbox is not in sync with the Podfile.lock. Run 'pod install' or update your CocoaPods installation.\" >&2\n    exit 1\nfi\n";
			showEnvVarsInLog = 0;
		};
		EE405C4A329DE99568165263 /* [CP] Embed Pods Frameworks */ = {
			isa = PBXShellScriptBuildPhase;
			buildActionMask = 2147483647;
			files = (
			);
			inputPaths = (
			);
			name = "[CP] Embed Pods Frameworks";
			outputPaths = (
			);
			runOnlyForDeploymentPostprocessing = 0;
			shellPath = /bin/sh;
			shellScript = "\"${SRCROOT}/Pods/Target Support Files/Pods-Ligu_Swift/Pods-Ligu_Swift-frameworks.sh\"\n";
			showEnvVarsInLog = 0;
		};
/* End PBXShellScriptBuildPhase section */

/* Begin PBXSourcesBuildPhase section */
		CDCD88062112DD6600477F3E /* Sources */ = {
			isa = PBXSourcesBuildPhase;
			buildActionMask = 2147483647;
			files = (
				CDCD88402112DEEA00477F3E /* LGTabbarController.swift in Sources */,
				CD01FCC621269D060069BDFF /* UIButtonExtension.swift in Sources */,
				CDCD884D2113030D00477F3E /* LGNavigationController.swift in Sources */,
				CDCD88652113EF3500477F3E /* LGSocialViewController.swift in Sources */,
				CD01FCC4212697F40069BDFF /* LGApiManager.swift in Sources */,
				CDCD880E2112DD6600477F3E /* AppDelegate.swift in Sources */,
				CDCD88612113EF0F00477F3E /* LGDiscoverViewController.swift in Sources */,
				CDCE63F9212D519A00BAAEB0 /* LGRefresh.swift in Sources */,
				CDCD885F2113EEDB00477F3E /* LGVenueViewController.swift in Sources */,
				CDCD884F211309A700477F3E /* UIImageExtensions.swift in Sources */,
				CDB734D721182E6200C16E41 /* LGAPI.swift in Sources */,
				CDCE63ED212BAA2D00BAAEB0 /* LGBaseNibTableViewCell.swift in Sources */,
				CDBCE5A8211AC13B0083CFE4 /* StringExtension.swift in Sources */,
				CDCE63F5212D47AE00BAAEB0 /* DateClass.swift in Sources */,
				CDCD884B2112F4D900477F3E /* LGBaseViewController.swift in Sources */,
				CD01FCD42126B82D0069BDFF /* LGAtlasViewController.swift in Sources */,
				CD01FCD02126A7D20069BDFF /* ConstraintArray+Extensions.swift in Sources */,
				CDCD88672113EF4400477F3E /* LGMineViewController.swift in Sources */,
				CDCE63F0212BB21A00BAAEB0 /* LGAtlasListCell.swift in Sources */,
				CD01FCCA21269F320069BDFF /* LGInfoCategoryView.swift in Sources */,
				CD01FCCE2126A7A80069BDFF /* ConstraintArrayDSL.swift in Sources */,
				CDCD88432112EA3700477F3E /* UIColorExtension.swift in Sources */,
				CDBCE5AC211AD4430083CFE4 /* LGModel.swift in Sources */,
				CDCE63FC212D52AF00BAAEB0 /* LGEmptyDataSet.swift in Sources */,
				CDCE63EB212AA1B700BAAEB0 /* LGBaseTableViewCell.swift in Sources */,
				CDBCE5A62119897B0083CFE4 /* ArrayExtension.swift in Sources */,
				CD01FCD22126B7D50069BDFF /* LGInfoListViewController.swift in Sources */,
				CDCE63F3212BF5EA00BAAEB0 /* UIViewExtension.swift in Sources */,
				CDB734D92118477600C16E41 /* UIDeviceExtension.swift in Sources */,
				CDBCE5A4211986EC0083CFE4 /* DictionaryExtension.swift in Sources */,
				CDCD88532113E81100477F3E /* Global.swift in Sources */,
				CDCD88632113EF2100477F3E /* LGMatchViewController.swift in Sources */,
			);
			runOnlyForDeploymentPostprocessing = 0;
		};
		CDCD881A2112DD6800477F3E /* Sources */ = {
			isa = PBXSourcesBuildPhase;
			buildActionMask = 2147483647;
			files = (
				CDCD88232112DD6800477F3E /* Ligu_SwiftTests.swift in Sources */,
			);
			runOnlyForDeploymentPostprocessing = 0;
		};
		CDCD88252112DD6800477F3E /* Sources */ = {
			isa = PBXSourcesBuildPhase;
			buildActionMask = 2147483647;
			files = (
				CDCD882E2112DD6800477F3E /* Ligu_SwiftUITests.swift in Sources */,
			);
			runOnlyForDeploymentPostprocessing = 0;
		};
/* End PBXSourcesBuildPhase section */

/* Begin PBXTargetDependency section */
		CDCD88202112DD6800477F3E /* PBXTargetDependency */ = {
			isa = PBXTargetDependency;
			target = CDCD88092112DD6600477F3E /* Ligu_Swift */;
			targetProxy = CDCD881F2112DD6800477F3E /* PBXContainerItemProxy */;
		};
		CDCD882B2112DD6800477F3E /* PBXTargetDependency */ = {
			isa = PBXTargetDependency;
			target = CDCD88092112DD6600477F3E /* Ligu_Swift */;
			targetProxy = CDCD882A2112DD6800477F3E /* PBXContainerItemProxy */;
		};
/* End PBXTargetDependency section */

/* Begin PBXVariantGroup section */
		CDCD88162112DD6800477F3E /* LaunchScreen.storyboard */ = {
			isa = PBXVariantGroup;
			children = (
				CDCD88172112DD6800477F3E /* Base */,
			);
			name = LaunchScreen.storyboard;
			sourceTree = "<group>";
		};
/* End PBXVariantGroup section */

/* Begin XCBuildConfiguration section */
		CDCD88302112DD6800477F3E /* Debug */ = {
			isa = XCBuildConfiguration;
			buildSettings = {
				ALWAYS_SEARCH_USER_PATHS = NO;
				CLANG_ANALYZER_NONNULL = YES;
				CLANG_ANALYZER_NUMBER_OBJECT_CONVERSION = YES_AGGRESSIVE;
				CLANG_CXX_LANGUAGE_STANDARD = "gnu++14";
				CLANG_CXX_LIBRARY = "libc++";
				CLANG_ENABLE_MODULES = YES;
				CLANG_ENABLE_OBJC_ARC = YES;
				CLANG_ENABLE_OBJC_WEAK = YES;
				CLANG_WARN_BLOCK_CAPTURE_AUTORELEASING = YES;
				CLANG_WARN_BOOL_CONVERSION = YES;
				CLANG_WARN_COMMA = YES;
				CLANG_WARN_CONSTANT_CONVERSION = YES;
				CLANG_WARN_DEPRECATED_OBJC_IMPLEMENTATIONS = YES;
				CLANG_WARN_DIRECT_OBJC_ISA_USAGE = YES_ERROR;
				CLANG_WARN_DOCUMENTATION_COMMENTS = YES;
				CLANG_WARN_EMPTY_BODY = YES;
				CLANG_WARN_ENUM_CONVERSION = YES;
				CLANG_WARN_INFINITE_RECURSION = YES;
				CLANG_WARN_INT_CONVERSION = YES;
				CLANG_WARN_NON_LITERAL_NULL_CONVERSION = YES;
				CLANG_WARN_OBJC_IMPLICIT_RETAIN_SELF = YES;
				CLANG_WARN_OBJC_LITERAL_CONVERSION = YES;
				CLANG_WARN_OBJC_ROOT_CLASS = YES_ERROR;
				CLANG_WARN_RANGE_LOOP_ANALYSIS = YES;
				CLANG_WARN_STRICT_PROTOTYPES = YES;
				CLANG_WARN_SUSPICIOUS_MOVE = YES;
				CLANG_WARN_UNGUARDED_AVAILABILITY = YES_AGGRESSIVE;
				CLANG_WARN_UNREACHABLE_CODE = YES;
				CLANG_WARN__DUPLICATE_METHOD_MATCH = YES;
				CODE_SIGN_IDENTITY = "iPhone Developer";
				COPY_PHASE_STRIP = NO;
				DEBUG_INFORMATION_FORMAT = dwarf;
				ENABLE_STRICT_OBJC_MSGSEND = YES;
				ENABLE_TESTABILITY = YES;
				GCC_C_LANGUAGE_STANDARD = gnu11;
				GCC_DYNAMIC_NO_PIC = NO;
				GCC_NO_COMMON_BLOCKS = YES;
				GCC_OPTIMIZATION_LEVEL = 0;
				GCC_PREPROCESSOR_DEFINITIONS = (
					"DEBUG=1",
					"$(inherited)",
				);
				GCC_WARN_64_TO_32_BIT_CONVERSION = YES;
				GCC_WARN_ABOUT_RETURN_TYPE = YES_ERROR;
				GCC_WARN_UNDECLARED_SELECTOR = YES;
				GCC_WARN_UNINITIALIZED_AUTOS = YES_AGGRESSIVE;
				GCC_WARN_UNUSED_FUNCTION = YES;
				GCC_WARN_UNUSED_VARIABLE = YES;
				IPHONEOS_DEPLOYMENT_TARGET = 9.0;
				MTL_ENABLE_DEBUG_INFO = YES;
				ONLY_ACTIVE_ARCH = YES;
				SDKROOT = iphoneos;
				SWIFT_ACTIVE_COMPILATION_CONDITIONS = DEBUG;
				SWIFT_OPTIMIZATION_LEVEL = "-Onone";
			};
			name = Debug;
		};
		CDCD88312112DD6800477F3E /* Release */ = {
			isa = XCBuildConfiguration;
			buildSettings = {
				ALWAYS_SEARCH_USER_PATHS = NO;
				CLANG_ANALYZER_NONNULL = YES;
				CLANG_ANALYZER_NUMBER_OBJECT_CONVERSION = YES_AGGRESSIVE;
				CLANG_CXX_LANGUAGE_STANDARD = "gnu++14";
				CLANG_CXX_LIBRARY = "libc++";
				CLANG_ENABLE_MODULES = YES;
				CLANG_ENABLE_OBJC_ARC = YES;
				CLANG_ENABLE_OBJC_WEAK = YES;
				CLANG_WARN_BLOCK_CAPTURE_AUTORELEASING = YES;
				CLANG_WARN_BOOL_CONVERSION = YES;
				CLANG_WARN_COMMA = YES;
				CLANG_WARN_CONSTANT_CONVERSION = YES;
				CLANG_WARN_DEPRECATED_OBJC_IMPLEMENTATIONS = YES;
				CLANG_WARN_DIRECT_OBJC_ISA_USAGE = YES_ERROR;
				CLANG_WARN_DOCUMENTATION_COMMENTS = YES;
				CLANG_WARN_EMPTY_BODY = YES;
				CLANG_WARN_ENUM_CONVERSION = YES;
				CLANG_WARN_INFINITE_RECURSION = YES;
				CLANG_WARN_INT_CONVERSION = YES;
				CLANG_WARN_NON_LITERAL_NULL_CONVERSION = YES;
				CLANG_WARN_OBJC_IMPLICIT_RETAIN_SELF = YES;
				CLANG_WARN_OBJC_LITERAL_CONVERSION = YES;
				CLANG_WARN_OBJC_ROOT_CLASS = YES_ERROR;
				CLANG_WARN_RANGE_LOOP_ANALYSIS = YES;
				CLANG_WARN_STRICT_PROTOTYPES = YES;
				CLANG_WARN_SUSPICIOUS_MOVE = YES;
				CLANG_WARN_UNGUARDED_AVAILABILITY = YES_AGGRESSIVE;
				CLANG_WARN_UNREACHABLE_CODE = YES;
				CLANG_WARN__DUPLICATE_METHOD_MATCH = YES;
				CODE_SIGN_IDENTITY = "iPhone Developer";
				COPY_PHASE_STRIP = NO;
				DEBUG_INFORMATION_FORMAT = "dwarf-with-dsym";
				ENABLE_NS_ASSERTIONS = NO;
				ENABLE_STRICT_OBJC_MSGSEND = YES;
				GCC_C_LANGUAGE_STANDARD = gnu11;
				GCC_NO_COMMON_BLOCKS = YES;
				GCC_WARN_64_TO_32_BIT_CONVERSION = YES;
				GCC_WARN_ABOUT_RETURN_TYPE = YES_ERROR;
				GCC_WARN_UNDECLARED_SELECTOR = YES;
				GCC_WARN_UNINITIALIZED_AUTOS = YES_AGGRESSIVE;
				GCC_WARN_UNUSED_FUNCTION = YES;
				GCC_WARN_UNUSED_VARIABLE = YES;
				IPHONEOS_DEPLOYMENT_TARGET = 9.0;
				MTL_ENABLE_DEBUG_INFO = NO;
				SDKROOT = iphoneos;
				SWIFT_OPTIMIZATION_LEVEL = "-Owholemodule";
				VALIDATE_PRODUCT = YES;
			};
			name = Release;
		};
		CDCD88332112DD6800477F3E /* Debug */ = {
			isa = XCBuildConfiguration;
			baseConfigurationReference = 81D40FB249CDAC28806921E2 /* Pods-Ligu_Swift.debug.xcconfig */;
			buildSettings = {
				ASSETCATALOG_COMPILER_APPICON_NAME = AppIcon;
				CODE_SIGN_STYLE = Automatic;
				DEVELOPMENT_TEAM = BV8SCCJTGN;
				INFOPLIST_FILE = Ligu_Swift/Info.plist;
				IPHONEOS_DEPLOYMENT_TARGET = 9.0;
				LD_RUNPATH_SEARCH_PATHS = "$(inherited) @executable_path/Frameworks";
				PRODUCT_BUNDLE_IDENTIFIER = "com.LockLightz-gmail.com.Ligu-Swift";
				PRODUCT_NAME = "$(TARGET_NAME)";
				SWIFT_OBJC_BRIDGING_HEADER = /Users/locklight/Documents/Ligu_Swift/Ligu_Swift/Bridging.h;
				SWIFT_VERSION = 4.0;
				TARGETED_DEVICE_FAMILY = 1;
			};
			name = Debug;
		};
		CDCD88342112DD6800477F3E /* Release */ = {
			isa = XCBuildConfiguration;
			baseConfigurationReference = B193C2DD10D8F0FD3F06F3A3 /* Pods-Ligu_Swift.release.xcconfig */;
			buildSettings = {
				ASSETCATALOG_COMPILER_APPICON_NAME = AppIcon;
				CODE_SIGN_STYLE = Automatic;
				DEVELOPMENT_TEAM = BV8SCCJTGN;
				INFOPLIST_FILE = Ligu_Swift/Info.plist;
				IPHONEOS_DEPLOYMENT_TARGET = 9.0;
				LD_RUNPATH_SEARCH_PATHS = "$(inherited) @executable_path/Frameworks";
				PRODUCT_BUNDLE_IDENTIFIER = "com.LockLightz-gmail.com.Ligu-Swift";
				PRODUCT_NAME = "$(TARGET_NAME)";
				SWIFT_OBJC_BRIDGING_HEADER = /Users/locklight/Documents/Ligu_Swift/Ligu_Swift/Bridging.h;
				SWIFT_VERSION = 4.0;
				TARGETED_DEVICE_FAMILY = 1;
			};
			name = Release;
		};
		CDCD88362112DD6800477F3E /* Debug */ = {
			isa = XCBuildConfiguration;
			buildSettings = {
				ALWAYS_EMBED_SWIFT_STANDARD_LIBRARIES = YES;
				BUNDLE_LOADER = "$(TEST_HOST)";
				CODE_SIGN_STYLE = Automatic;
				DEVELOPMENT_TEAM = BV8SCCJTGN;
				INFOPLIST_FILE = Ligu_SwiftTests/Info.plist;
				LD_RUNPATH_SEARCH_PATHS = "$(inherited) @executable_path/Frameworks @loader_path/Frameworks";
				PRODUCT_BUNDLE_IDENTIFIER = "com.LockLightz-gmail.com.Ligu-SwiftTests";
				PRODUCT_NAME = "$(TARGET_NAME)";
				SWIFT_VERSION = 4.0;
				TARGETED_DEVICE_FAMILY = "1,2";
				TEST_HOST = "$(BUILT_PRODUCTS_DIR)/Ligu_Swift.app/Ligu_Swift";
			};
			name = Debug;
		};
		CDCD88372112DD6800477F3E /* Release */ = {
			isa = XCBuildConfiguration;
			buildSettings = {
				ALWAYS_EMBED_SWIFT_STANDARD_LIBRARIES = YES;
				BUNDLE_LOADER = "$(TEST_HOST)";
				CODE_SIGN_STYLE = Automatic;
				DEVELOPMENT_TEAM = BV8SCCJTGN;
				INFOPLIST_FILE = Ligu_SwiftTests/Info.plist;
				LD_RUNPATH_SEARCH_PATHS = "$(inherited) @executable_path/Frameworks @loader_path/Frameworks";
				PRODUCT_BUNDLE_IDENTIFIER = "com.LockLightz-gmail.com.Ligu-SwiftTests";
				PRODUCT_NAME = "$(TARGET_NAME)";
				SWIFT_VERSION = 4.0;
				TARGETED_DEVICE_FAMILY = "1,2";
				TEST_HOST = "$(BUILT_PRODUCTS_DIR)/Ligu_Swift.app/Ligu_Swift";
			};
			name = Release;
		};
		CDCD88392112DD6800477F3E /* Debug */ = {
			isa = XCBuildConfiguration;
			buildSettings = {
				ALWAYS_EMBED_SWIFT_STANDARD_LIBRARIES = YES;
				CODE_SIGN_STYLE = Automatic;
				DEVELOPMENT_TEAM = BV8SCCJTGN;
				INFOPLIST_FILE = Ligu_SwiftUITests/Info.plist;
				LD_RUNPATH_SEARCH_PATHS = "$(inherited) @executable_path/Frameworks @loader_path/Frameworks";
				PRODUCT_BUNDLE_IDENTIFIER = "com.LockLightz-gmail.com.Ligu-SwiftUITests";
				PRODUCT_NAME = "$(TARGET_NAME)";
				SWIFT_VERSION = 4.0;
				TARGETED_DEVICE_FAMILY = "1,2";
				TEST_TARGET_NAME = Ligu_Swift;
			};
			name = Debug;
		};
		CDCD883A2112DD6800477F3E /* Release */ = {
			isa = XCBuildConfiguration;
			buildSettings = {
				ALWAYS_EMBED_SWIFT_STANDARD_LIBRARIES = YES;
				CODE_SIGN_STYLE = Automatic;
				DEVELOPMENT_TEAM = BV8SCCJTGN;
				INFOPLIST_FILE = Ligu_SwiftUITests/Info.plist;
				LD_RUNPATH_SEARCH_PATHS = "$(inherited) @executable_path/Frameworks @loader_path/Frameworks";
				PRODUCT_BUNDLE_IDENTIFIER = "com.LockLightz-gmail.com.Ligu-SwiftUITests";
				PRODUCT_NAME = "$(TARGET_NAME)";
				SWIFT_VERSION = 4.0;
				TARGETED_DEVICE_FAMILY = "1,2";
				TEST_TARGET_NAME = Ligu_Swift;
			};
			name = Release;
		};
/* End XCBuildConfiguration section */

/* Begin XCConfigurationList section */
		CDCD88052112DD6600477F3E /* Build configuration list for PBXProject "Ligu_Swift" */ = {
			isa = XCConfigurationList;
			buildConfigurations = (
				CDCD88302112DD6800477F3E /* Debug */,
				CDCD88312112DD6800477F3E /* Release */,
			);
			defaultConfigurationIsVisible = 0;
			defaultConfigurationName = Release;
		};
		CDCD88322112DD6800477F3E /* Build configuration list for PBXNativeTarget "Ligu_Swift" */ = {
			isa = XCConfigurationList;
			buildConfigurations = (
				CDCD88332112DD6800477F3E /* Debug */,
				CDCD88342112DD6800477F3E /* Release */,
			);
			defaultConfigurationIsVisible = 0;
			defaultConfigurationName = Release;
		};
		CDCD88352112DD6800477F3E /* Build configuration list for PBXNativeTarget "Ligu_SwiftTests" */ = {
			isa = XCConfigurationList;
			buildConfigurations = (
				CDCD88362112DD6800477F3E /* Debug */,
				CDCD88372112DD6800477F3E /* Release */,
			);
			defaultConfigurationIsVisible = 0;
			defaultConfigurationName = Release;
		};
		CDCD88382112DD6800477F3E /* Build configuration list for PBXNativeTarget "Ligu_SwiftUITests" */ = {
			isa = XCConfigurationList;
			buildConfigurations = (
				CDCD88392112DD6800477F3E /* Debug */,
				CDCD883A2112DD6800477F3E /* Release */,
			);
			defaultConfigurationIsVisible = 0;
			defaultConfigurationName = Release;
		};
/* End XCConfigurationList section */
	};
	rootObject = CDCD88022112DD6600477F3E /* Project object */;
}
